// !$*UTF8*$!
{
	archiveVersion = 1;
	classes = {
	};
	objectVersion = 46;
	objects = {

/* Begin PBXBuildFile section */
		1F0DFCC71D795D6B00CE2364 /* AppDelegate.swift in Sources */ = {isa = PBXBuildFile; fileRef = 1F0DFCC61D795D6B00CE2364 /* AppDelegate.swift */; };
		1F0DFCCC1D795D6B00CE2364 /* Main.storyboard in Resources */ = {isa = PBXBuildFile; fileRef = 1F0DFCCA1D795D6B00CE2364 /* Main.storyboard */; };
		1F0DFCCE1D795D6B00CE2364 /* Assets.xcassets in Resources */ = {isa = PBXBuildFile; fileRef = 1F0DFCCD1D795D6B00CE2364 /* Assets.xcassets */; };
		1F0DFCD11D795D6B00CE2364 /* LaunchScreen.storyboard in Resources */ = {isa = PBXBuildFile; fileRef = 1F0DFCCF1D795D6B00CE2364 /* LaunchScreen.storyboard */; };
		1F0DFCD91D795FBB00CE2364 /* MovieViewController.swift in Sources */ = {isa = PBXBuildFile; fileRef = 1F0DFCD81D795FBB00CE2364 /* MovieViewController.swift */; };
		1F0DFCDB1D795FDD00CE2364 /* FansViewController.swift in Sources */ = {isa = PBXBuildFile; fileRef = 1F0DFCDA1D795FDD00CE2364 /* FansViewController.swift */; };
		1F0DFCDD1D79600F00CE2364 /* MovieDetailViewController.swift in Sources */ = {isa = PBXBuildFile; fileRef = 1F0DFCDC1D79600F00CE2364 /* MovieDetailViewController.swift */; };
		1F0DFCDF1D79666C00CE2364 /* MovieTableViewCell.swift in Sources */ = {isa = PBXBuildFile; fileRef = 1F0DFCDE1D79666C00CE2364 /* MovieTableViewCell.swift */; };
		1F0DFCE11D797EBD00CE2364 /* SwfitFunction.swift in Sources */ = {isa = PBXBuildFile; fileRef = 1F0DFCE01D797EBD00CE2364 /* SwfitFunction.swift */; };
/* End PBXBuildFile section */

/* Begin PBXFileReference section */
		1F0DFCC31D795D6B00CE2364 /* Movie_Midterm.app */ = {isa = PBXFileReference; explicitFileType = wrapper.application; includeInIndex = 0; path = Movie_Midterm.app; sourceTree = BUILT_PRODUCTS_DIR; };
		1F0DFCC61D795D6B00CE2364 /* AppDelegate.swift */ = {isa = PBXFileReference; lastKnownFileType = sourcecode.swift; path = AppDelegate.swift; sourceTree = "<group>"; };
		1F0DFCCB1D795D6B00CE2364 /* Base */ = {isa = PBXFileReference; lastKnownFileType = file.storyboard; name = Base; path = Base.lproj/Main.storyboard; sourceTree = "<group>"; };
		1F0DFCCD1D795D6B00CE2364 /* Assets.xcassets */ = {isa = PBXFileReference; lastKnownFileType = folder.assetcatalog; path = Assets.xcassets; sourceTree = "<group>"; };
		1F0DFCD01D795D6B00CE2364 /* Base */ = {isa = PBXFileReference; lastKnownFileType = file.storyboard; name = Base; path = Base.lproj/LaunchScreen.storyboard; sourceTree = "<group>"; };
		1F0DFCD21D795D6B00CE2364 /* Info.plist */ = {isa = PBXFileReference; lastKnownFileType = text.plist.xml; path = Info.plist; sourceTree = "<group>"; };
		1F0DFCD81D795FBB00CE2364 /* MovieViewController.swift */ = {isa = PBXFileReference; fileEncoding = 4; lastKnownFileType = sourcecode.swift; path = MovieViewController.swift; sourceTree = "<group>"; };
		1F0DFCDA1D795FDD00CE2364 /* FansViewController.swift */ = {isa = PBXFileReference; fileEncoding = 4; lastKnownFileType = sourcecode.swift; path = FansViewController.swift; sourceTree = "<group>"; };
		1F0DFCDC1D79600F00CE2364 /* MovieDetailViewController.swift */ = {isa = PBXFileReference; fileEncoding = 4; lastKnownFileType = sourcecode.swift; path = MovieDetailViewController.swift; sourceTree = "<group>"; };
		1F0DFCDE1D79666C00CE2364 /* MovieTableViewCell.swift */ = {isa = PBXFileReference; fileEncoding = 4; lastKnownFileType = sourcecode.swift; path = MovieTableViewCell.swift; sourceTree = "<group>"; };
		1F0DFCE01D797EBD00CE2364 /* SwfitFunction.swift */ = {isa = PBXFileReference; fileEncoding = 4; lastKnownFileType = sourcecode.swift; path = SwfitFunction.swift; sourceTree = "<group>"; };
/* End PBXFileReference section */

/* Begin PBXFrameworksBuildPhase section */
		1F0DFCC01D795D6B00CE2364 /* Frameworks */ = {
			isa = PBXFrameworksBuildPhase;
			buildActionMask = 2147483647;
			files = (
			);
			runOnlyForDeploymentPostprocessing = 0;
		};
/* End PBXFrameworksBuildPhase section */

/* Begin PBXGroup section */
		1F0DFCBA1D795D6A00CE2364 = {
			isa = PBXGroup;
			children = (
				1F0DFCC51D795D6B00CE2364 /* Movie_Midterm */,
				1F0DFCC41D795D6B00CE2364 /* Products */,
			);
			sourceTree = "<group>";
		};
		1F0DFCC41D795D6B00CE2364 /* Products */ = {
			isa = PBXGroup;
			children = (
				1F0DFCC31D795D6B00CE2364 /* Movie_Midterm.app */,
			);
			name = Products;
			sourceTree = "<group>";
		};
		1F0DFCC51D795D6B00CE2364 /* Movie_Midterm */ = {
			isa = PBXGroup;
			children = (
				1F0DFCC61D795D6B00CE2364 /* AppDelegate.swift */,
				1F0DFCCA1D795D6B00CE2364 /* Main.storyboard */,
				1F0DFCCD1D795D6B00CE2364 /* Assets.xcassets */,
				1F0DFCCF1D795D6B00CE2364 /* LaunchScreen.storyboard */,
				1F0DFCD21D795D6B00CE2364 /* Info.plist */,
				1F0DFCD81D795FBB00CE2364 /* MovieViewController.swift */,
				1F0DFCDA1D795FDD00CE2364 /* FansViewController.swift */,
				1F0DFCDC1D79600F00CE2364 /* MovieDetailViewController.swift */,
				1F0DFCDE1D79666C00CE2364 /* MovieTableViewCell.swift */,
				1F0DFCE01D797EBD00CE2364 /* SwfitFunction.swift */,
			);
			path = Movie_Midterm;
			sourceTree = "<group>";
		};
/* End PBXGroup section */

/* Begin PBXNativeTarget section */
		1F0DFCC21D795D6B00CE2364 /* Movie_Midterm */ = {
			isa = PBXNativeTarget;
			buildConfigurationList = 1F0DFCD51D795D6B00CE2364 /* Build configuration list for PBXNativeTarget "Movie_Midterm" */;
			buildPhases = (
				1F0DFCBF1D795D6B00CE2364 /* Sources */,
				1F0DFCC01D795D6B00CE2364 /* Frameworks */,
				1F0DFCC11D795D6B00CE2364 /* Resources */,
			);
			buildRules = (
			);
			dependencies = (
			);
			name = Movie_Midterm;
			productName = Movie_Midterm;
			productReference = 1F0DFCC31D795D6B00CE2364 /* Movie_Midterm.app */;
			productType = "com.apple.product-type.application";
		};
/* End PBXNativeTarget section */

/* Begin PBXProject section */
		1F0DFCBB1D795D6A00CE2364 /* Project object */ = {
			isa = PBXProject;
			attributes = {
				LastSwiftUpdateCheck = 0730;
				LastUpgradeCheck = 0730;
				ORGANIZATIONNAME = Jeff;
				TargetAttributes = {
					1F0DFCC21D795D6B00CE2364 = {
						CreatedOnToolsVersion = 7.3.1;
					};
				};
			};
			buildConfigurationList = 1F0DFCBE1D795D6A00CE2364 /* Build configuration list for PBXProject "Movie_Midterm" */;
			compatibilityVersion = "Xcode 3.2";
			developmentRegion = English;
			hasScannedForEncodings = 0;
			knownRegions = (
				en,
				Base,
			);
			mainGroup = 1F0DFCBA1D795D6A00CE2364;
			productRefGroup = 1F0DFCC41D795D6B00CE2364 /* Products */;
			projectDirPath = "";
			projectRoot = "";
			targets = (
				1F0DFCC21D795D6B00CE2364 /* Movie_Midterm */,
			);
		};
/* End PBXProject section */

/* Begin PBXResourcesBuildPhase section */
		1F0DFCC11D795D6B00CE2364 /* Resources */ = {
			isa = PBXResourcesBuildPhase;
			buildActionMask = 2147483647;
			files = (
				1F0DFCD11D795D6B00CE2364 /* LaunchScreen.storyboard in Resources */,
				1F0DFCCE1D795D6B00CE2364 /* Assets.xcassets in Resources */,
				1F0DFCCC1D795D6B00CE2364 /* Main.storyboard in Resources */,
			);
			runOnlyForDeploymentPostprocessing = 0;
		};
/* End PBXResourcesBuildPhase section */

/* Begin PBXSourcesBuildPhase section */
		1F0DFCBF1D795D6B00CE2364 /* Sources */ = {
			isa = PBXSourcesBuildPhase;
			buildActionMask = 2147483647;
			files = (
				1F0DFCDF1D79666C00CE2364 /* MovieTableViewCell.swift in Sources */,
				1F0DFCDD1D79600F00CE2364 /* MovieDetailViewController.swift in Sources */,
				1F0DFCC71D795D6B00CE2364 /* AppDelegate.swift in Sources */,
				1F0DFCDB1D795FDD00CE2364 /* FansViewController.swift in Sources */,
				1F0DFCD91D795FBB00CE2364 /* MovieViewController.swift in Sources */,
				1F0DFCE11D797EBD00CE2364 /* SwfitFunction.swift in Sources */,
			);
			runOnlyForDeploymentPostprocessing = 0;
		};
/* End PBXSourcesBuildPhase section */

/* Begin PBXVariantGroup section */
		1F0DFCCA1D795D6B00CE2364 /* Main.storyboard */ = {
			isa = PBXVariantGroup;
			children = (
				1F0DFCCB1D795D6B00CE2364 /* Base */,
			);
			name = Main.storyboard;
			sourceTree = "<group>";
		};
		1F0DFCCF1D795D6B00CE2364 /* LaunchScreen.storyboard */ = {
			isa = PBXVariantGroup;
			children = (
				1F0DFCD01D795D6B00CE2364 /* Base */,
			);
			name = LaunchScreen.storyboard;
			sourceTree = "<group>";
		};
/* End PBXVariantGroup section */

/* Begin XCBuildConfiguration section */
		1F0DFCD31D795D6B00CE2364 /* Debug */ = {
			isa = XCBuildConfiguration;
			buildSettings = {
				ALWAYS_SEARCH_USER_PATHS = NO;
				CLANG_ANALYZER_NONNULL = YES;
				CLANG_CXX_LANGUAGE_STANDARD = "gnu++0x";
				CLANG_CXX_LIBRARY = "libc++";
				CLANG_ENABLE_MODULES = YES;
				CLANG_ENABLE_OBJC_ARC = YES;
				CLANG_WARN_BOOL_CONVERSION = YES;
				CLANG_WARN_CONSTANT_CONVERSION = YES;
				CLANG_WARN_DIRECT_OBJC_ISA_USAGE = YES_ERROR;
				CLANG_WARN_EMPTY_BODY = YES;
				CLANG_WARN_ENUM_CONVERSION = YES;
				CLANG_WARN_INT_CONVERSION = YES;
				CLANG_WARN_OBJC_ROOT_CLASS = YES_ERROR;
				CLANG_WARN_UNREACHABLE_CODE = YES;
				CLANG_WARN__DUPLICATE_METHOD_MATCH = YES;
				"CODE_SIGN_IDENTITY[sdk=iphoneos*]" = "iPhone Developer";
				COPY_PHASE_STRIP = NO;
				DEBUG_INFORMATION_FORMAT = dwarf;
				ENABLE_STRICT_OBJC_MSGSEND = YES;
				ENABLE_TESTABILITY = YES;
				GCC_C_LANGUAGE_STANDARD = gnu99;
				GCC_DYNAMIC_NO_PIC = NO;
				GCC_NO_COMMON_BLOCKS = YES;
				GCC_OPTIMIZATION_LEVEL = 0;
				GCC_PREPROCESSOR_DEFINITIONS = (
					"DEBUG=1",
					"$(inherited)",
				);
				GCC_WARN_64_TO_32_BIT_CONVERSION = YES;
				GCC_WARN_ABOUT_RETURN_TYPE = YES_ERROR;
				GCC_WARN_UNDECLARED_SELECTOR = YES;
				GCC_WARN_UNINITIALIZED_AUTOS = YES_AGGRESSIVE;
				GCC_WARN_UNUSED_FUNCTION = YES;
				GCC_WARN_UNUSED_VARIABLE = YES;
				IPHONEOS_DEPLOYMENT_TARGET = 9.3;
				MTL_ENABLE_DEBUG_INFO = YES;
				ONLY_ACTIVE_ARCH = YES;
				SDKROOT = iphoneos;
				SWIFT_OPTIMIZATION_LEVEL = "-Onone";
				TARGETED_DEVICE_FAMILY = "1,2";
			};
			name = Debug;
		};
		1F0DFCD41D795D6B00CE2364 /* Release */ = {
			isa = XCBuildConfiguration;
			buildSettings = {
				ALWAYS_SEARCH_USER_PATHS = NO;
				CLANG_ANALYZER_NONNULL = YES;
				CLANG_CXX_LANGUAGE_STANDARD = "gnu++0x";
				CLANG_CXX_LIBRARY = "libc++";
				CLANG_ENABLE_MODULES = YES;
				CLANG_ENABLE_OBJC_ARC = YES;
				CLANG_WARN_BOOL_CONVERSION = YES;
				CLANG_WARN_CONSTANT_CONVERSION = YES;
				CLANG_WARN_DIRECT_OBJC_ISA_USAGE = YES_ERROR;
				CLANG_WARN_EMPTY_BODY = YES;
				CLANG_WARN_ENUM_CONVERSION = YES;
				CLANG_WARN_INT_CONVERSION = YES;
				CLANG_WARN_OBJC_ROOT_CLASS = YES_ERROR;
				CLANG_WARN_UNREACHABLE_CODE = YES;
				CLANG_WARN__DUPLICATE_METHOD_MATCH = YES;
				"CODE_SIGN_IDENTITY[sdk=iphoneos*]" = "iPhone Developer";
				COPY_PHASE_STRIP = NO;
				DEBUG_INFORMATION_FORMAT = "dwarf-with-dsym";
				ENABLE_NS_ASSERTIONS = NO;
				ENABLE_STRICT_OBJC_MSGSEND = YES;
				GCC_C_LANGUAGE_STANDARD = gnu99;
				GCC_NO_COMMON_BLOCKS = YES;
				GCC_WARN_64_TO_32_BIT_CONVERSION = YES;
				GCC_WARN_ABOUT_RETURN_TYPE = YES_ERROR;
				GCC_WARN_UNDECLARED_SELECTOR = YES;
				GCC_WARN_UNINITIALIZED_AUTOS = YES_AGGRESSIVE;
				GCC_WARN_UNUSED_FUNCTION = YES;
				GCC_WARN_UNUSED_VARIABLE = YES;
				IPHONEOS_DEPLOYMENT_TARGET = 9.3;
				MTL_ENABLE_DEBUG_INFO = NO;
				SDKROOT = iphoneos;
				TARGETED_DEVICE_FAMILY = "1,2";
				VALIDATE_PRODUCT = YES;
			};
			name = Release;
		};
		1F0DFCD61D795D6B00CE2364 /* Debug */ = {
			isa = XCBuildConfiguration;
			buildSettings = {
				ASSETCATALOG_COMPILER_APPICON_NAME = AppIcon;
				INFOPLIST_FILE = Movie_Midterm/Info.plist;
				LD_RUNPATH_SEARCH_PATHS = "$(inherited) @executable_path/Frameworks";
				PRODUCT_BUNDLE_IDENTIFIER = "com.ac.Movie-Midterm";
				PRODUCT_NAME = "$(TARGET_NAME)";
			};
			name = Debug;
		};
		1F0DFCD71D795D6B00CE2364 /* Release */ = {
			isa = XCBuildConfiguration;
			buildSettings = {
				ASSETCATALOG_COMPILER_APPICON_NAME = AppIcon;
				INFOPLIST_FILE = Movie_Midterm/Info.plist;
				LD_RUNPATH_SEARCH_PATHS = "$(inherited) @executable_path/Frameworks";
				PRODUCT_BUNDLE_IDENTIFIER = "com.ac.Movie-Midterm";
				PRODUCT_NAME = "$(TARGET_NAME)";
			};
			name = Release;
		};
/* End XCBuildConfiguration section */

/* Begin XCConfigurationList section */
		1F0DFCBE1D795D6A00CE2364 /* Build configuration list for PBXProject "Movie_Midterm" */ = {
			isa = XCConfigurationList;
			buildConfigurations = (
				1F0DFCD31D795D6B00CE2364 /* Debug */,
				1F0DFCD41D795D6B00CE2364 /* Release */,
			);
			defaultConfigurationIsVisible = 0;
			defaultConfigurationName = Release;
		};
		1F0DFCD51D795D6B00CE2364 /* Build configuration list for PBXNativeTarget "Movie_Midterm" */ = {
			isa = XCConfigurationList;
			buildConfigurations = (
				1F0DFCD61D795D6B00CE2364 /* Debug */,
				1F0DFCD71D795D6B00CE2364 /* Release */,
			);
			defaultConfigurationIsVisible = 0;
		};
/* End XCConfigurationList section */
	};
	rootObject = 1F0DFCBB1D795D6A00CE2364 /* Project object */;
}
